{
  "name": "troubleshooting-ao",
  "version": "1.0.0",
  "lockfileVersion": 3,
  "requires": true,
  "packages": {
    "": {
      "name": "troubleshooting-ao",
      "version": "1.0.0",
      "license": "ISC",
      "dependencies": {
        "@permaweb/ao-loader": "^0.0.31"
      }
    },
    "node_modules/@permaweb/ao-loader": {
      "version": "0.0.31",
      "resolved": "https://registry.npmjs.org/@permaweb/ao-loader/-/ao-loader-0.0.31.tgz",
      "integrity": "sha512-Eql5nK6QMRMQatDiXMuu7KtUYlVWGJvbBbTuMrWQOvRq9eX446wX8/tMfikcd8ZoogD7mc818U4fbQr+jlL4dQ==",
      "engines": {
        "node": ">=18"
      }
    }
  }
}
